
Microsoft Visual Studio Solution File, Format Version 12.00
# Visual Studio Version 16
VisualStudioVersion = 16.0.30517.126
MinimumVisualStudioVersion = 10.0.40219.1
Project("{FAE04EC0-301F-11D3-BF4B-00C04F79EFBC}") = "GeoCodingConsole", "GeoCodingConsole\GeoCodingConsole.csproj", "{0FDD7787-3829-4C52-B0BC-12D4D5E0D556}"
EndProject
Project("{FAE04EC0-301F-11D3-BF4B-00C04F79EFBC}") = "GeoCodingLib", "GeoCodingLib\GeoCodingLib.csproj", "{00C3305A-D323-4F99-97E4-EEAE919C504B}"
EndProject
Global
	GlobalSection(SolutionConfigurationPlatforms) = preSolution
		Debug|Any CPU = Debug|Any CPU
		Release|Any CPU = Release|Any CPU
	EndGlobalSection
	GlobalSection(ProjectConfigurationPlatforms) = postSolution
		{0FDD7787-3829-4C52-B0BC-12D4D5E0D556}.Debug|Any CPU.ActiveCfg = Debug|Any CPU
		{0FDD7787-3829-4C52-B0BC-12D4D5E0D556}.Debug|Any CPU.Build.0 = Debug|Any CPU
		{0FDD7787-3829-4C52-B0BC-12D4D5E0D556}.Release|Any CPU.ActiveCfg = Release|Any CPU
		{0FDD7787-3829-4C52-B0BC-12D4D5E0D556}.Release|Any CPU.Build.0 = Release|Any CPU
		{00C3305A-D323-4F99-97E4-EEAE919C504B}.Debug|Any CPU.ActiveCfg = Debug|Any CPU
		{00C3305A-D323-4F99-97E4-EEAE919C504B}.Debug|Any CPU.Build.0 = Debug|Any CPU
		{00C3305A-D323-4F99-97E4-EEAE919C504B}.Release|Any CPU.ActiveCfg = Release|Any CPU
		{00C3305A-D323-4F99-97E4-EEAE919C504B}.Release|Any CPU.Build.0 = Release|Any CPU
	EndGlobalSection
	GlobalSection(SolutionProperties) = preSolution
		HideSolutionNode = FALSE
	EndGlobalSection
	GlobalSection(ExtensibilityGlobals) = postSolution
		SolutionGuid = {4A850FDA-C78C-457A-B182-473DCFF6A1C2}
	EndGlobalSection
EndGlobal
